
Microsoft Visual Studio Solution File, Format Version 12.00
# Visual Studio Version 16
VisualStudioVersion = 16.0.31129.286
MinimumVisualStudioVersion = 10.0.40219.1
Project("{9A19103F-16F7-4668-BE54-9A1E7A4F7556}") = "CocoaFramework", "CocoaFramework\CocoaFramework.csproj", "{B3AA3A0C-40BE-47D0-9FF4-81CB188C98D2}"
EndProject
Project("{2150E333-8FDC-42A3-9474-1A3956D46DE8}") = "Solution Items", "Solution Items", "{64AC6751-C57E-42C8-907C-C595EC93B1E7}"
	ProjectSection(SolutionItems) = preProject
		.editorconfig = .editorconfig
	EndProjectSection
EndProject
Global
	GlobalSection(SolutionConfigurationPlatforms) = preSolution
		Debug|Any CPU = Debug|Any CPU
		Release|Any CPU = Release|Any CPU
	EndGlobalSection
	GlobalSection(ProjectConfigurationPlatforms) = postSolution
		{B3AA3A0C-40BE-47D0-9FF4-81CB188C98D2}.Debug|Any CPU.ActiveCfg = Debug|Any CPU
		{B3AA3A0C-40BE-47D0-9FF4-81CB188C98D2}.Debug|Any CPU.Build.0 = Debug|Any CPU
		{B3AA3A0C-40BE-47D0-9FF4-81CB188C98D2}.Release|Any CPU.ActiveCfg = Release|Any CPU
		{B3AA3A0C-40BE-47D0-9FF4-81CB188C98D2}.Release|Any CPU.Build.0 = Release|Any CPU
	EndGlobalSection
	GlobalSection(SolutionProperties) = preSolution
		HideSolutionNode = FALSE
	EndGlobalSection
	GlobalSection(ExtensibilityGlobals) = postSolution
		SolutionGuid = {2CBC5CF0-DBCE-4E54-8F02-8B6D912DDA0E}
	EndGlobalSection
EndGlobal
